# This file is autogenerated, do not edit; changes may be undone by the next 'dep ensure'.


[[projects]]
  branch = "master"
  digest = "1:8fec0e92b08b12b9b0f72f3fbcfe5a621b34eb9346e953fb63590bc2871b6bd8"
  name = "github.com/Unknwon/goconfig"
  packages = ["."]
  pruneopts = "UT"
  revision = "ef1e4c783f8f0478bd8bff0edb3dd0bade552599"

[[projects]]
  branch = "master"
  digest = "1:ecf1a8562fdd12501d3f14fb5f94e6cb6095b90d62b794611fa6a4489817313e"
  name = "github.com/godaner/go-util"
  packages = [
    "fileutil",
    "httputil",
  ]
  pruneopts = "UT"
  revision = "750242f839ac442adb5a2f4e790ec85e3b21a03f"

[solve-meta]
  analyzer-name = "dep"
  analyzer-version = 1
  input-imports = [
    "github.com/Unknwon/goconfig",
    "github.com/godaner/go-util/fileutil",
    "github.com/godaner/go-util/httputil",
  ]
  solver-name = "gps-cdcl"
  solver-version = 1
